
Microsoft Visual Studio Solution File, Format Version 12.00
# Visual Studio Version 17
VisualStudioVersion = 17.11.35222.181
MinimumVisualStudioVersion = 10.0.40219.1
Project("{9A19103F-16F7-4668-BE54-9A1E7A4F7556}") = "AsyncLinq", "src\AsyncLinq\AsyncLinq.csproj", "{A6BA77F8-B38C-436E-9FAD-CAB3DEB42036}"
EndProject
Project("{9A19103F-16F7-4668-BE54-9A1E7A4F7556}") = "AsyncLinq.Debug", "src\AsyncLinq.Debug\AsyncLinq.Debug.csproj", "{C28EC4FB-BCE6-4218-94C8-CF03A47AC3E1}"
EndProject
Project("{FAE04EC0-301F-11D3-BF4B-00C04F79EFBC}") = "AsyncLinq.Tests", "src\AsyncLinq.Tests\AsyncLinq.Tests.csproj", "{083C1145-D696-4291-AB65-4910D172733D}"
EndProject
Project("{FAE04EC0-301F-11D3-BF4B-00C04F79EFBC}") = "OppositionTesting", "OppositionTesting\OppositionTesting.csproj", "{8656480E-F4DD-486B-89B5-3B3DAD4487AA}"
EndProject
Global
	GlobalSection(SolutionConfigurationPlatforms) = preSolution
		Debug|Any CPU = Debug|Any CPU
		Release|Any CPU = Release|Any CPU
	EndGlobalSection
	GlobalSection(ProjectConfigurationPlatforms) = postSolution
		{A6BA77F8-B38C-436E-9FAD-CAB3DEB42036}.Debug|Any CPU.ActiveCfg = Debug|Any CPU
		{A6BA77F8-B38C-436E-9FAD-CAB3DEB42036}.Debug|Any CPU.Build.0 = Debug|Any CPU
		{A6BA77F8-B38C-436E-9FAD-CAB3DEB42036}.Release|Any CPU.ActiveCfg = Release|Any CPU
		{A6BA77F8-B38C-436E-9FAD-CAB3DEB42036}.Release|Any CPU.Build.0 = Release|Any CPU
		{C28EC4FB-BCE6-4218-94C8-CF03A47AC3E1}.Debug|Any CPU.ActiveCfg = Debug|Any CPU
		{C28EC4FB-BCE6-4218-94C8-CF03A47AC3E1}.Debug|Any CPU.Build.0 = Debug|Any CPU
		{C28EC4FB-BCE6-4218-94C8-CF03A47AC3E1}.Release|Any CPU.ActiveCfg = Release|Any CPU
		{C28EC4FB-BCE6-4218-94C8-CF03A47AC3E1}.Release|Any CPU.Build.0 = Release|Any CPU
		{083C1145-D696-4291-AB65-4910D172733D}.Debug|Any CPU.ActiveCfg = Debug|Any CPU
		{083C1145-D696-4291-AB65-4910D172733D}.Debug|Any CPU.Build.0 = Debug|Any CPU
		{083C1145-D696-4291-AB65-4910D172733D}.Release|Any CPU.ActiveCfg = Release|Any CPU
		{083C1145-D696-4291-AB65-4910D172733D}.Release|Any CPU.Build.0 = Release|Any CPU
		{8656480E-F4DD-486B-89B5-3B3DAD4487AA}.Debug|Any CPU.ActiveCfg = Debug|Any CPU
		{8656480E-F4DD-486B-89B5-3B3DAD4487AA}.Debug|Any CPU.Build.0 = Debug|Any CPU
		{8656480E-F4DD-486B-89B5-3B3DAD4487AA}.Release|Any CPU.ActiveCfg = Release|Any CPU
		{8656480E-F4DD-486B-89B5-3B3DAD4487AA}.Release|Any CPU.Build.0 = Release|Any CPU
	EndGlobalSection
	GlobalSection(SolutionProperties) = preSolution
		HideSolutionNode = FALSE
	EndGlobalSection
EndGlobal
